
Microsoft Visual Studio Solution File, Format Version 12.00
# Visual Studio 15
Project("{FAE04EC0-301F-11D3-BF4B-00C04F79EFBC}") = "Assembly-CSharp", "Assembly-CSharp.csproj", "{EBFDD3F2-F9BC-F19E-FF22-7F1D4D59EBBE}"
EndProject
Global
	GlobalSection(SolutionConfigurationPlatforms) = preSolution
		Debug|Any CPU = Debug|Any CPU
		Release|Any CPU = Release|Any CPU
	EndGlobalSection
	GlobalSection(ProjectConfigurationPlatforms) = postSolution
		{EBFDD3F2-F9BC-F19E-FF22-7F1D4D59EBBE}.Debug|Any CPU.ActiveCfg = Debug|Any CPU
		{EBFDD3F2-F9BC-F19E-FF22-7F1D4D59EBBE}.Debug|Any CPU.Build.0 = Debug|Any CPU
		{EBFDD3F2-F9BC-F19E-FF22-7F1D4D59EBBE}.Release|Any CPU.ActiveCfg = Release|Any CPU
		{EBFDD3F2-F9BC-F19E-FF22-7F1D4D59EBBE}.Release|Any CPU.Build.0 = Release|Any CPU
	EndGlobalSection
	GlobalSection(SolutionProperties) = preSolution
		HideSolutionNode = FALSE
	EndGlobalSection
EndGlobal
